// !$*UTF8*$!
{
	archiveVersion = 1;
	classes = {
	};
	objectVersion = 77;
	objects = {

/* Begin PBXBuildFile section */
		8692318B2D7EAEF600732D23 /* BaseballGame.swift in Sources */ = {isa = PBXBuildFile; fileRef = 869231882D7EAEF600732D23 /* BaseballGame.swift */; };
		8692318C2D7EAEF600732D23 /* main.swift in Sources */ = {isa = PBXBuildFile; fileRef = 869231892D7EAEF600732D23 /* main.swift */; };
		8692318F2D7EAF0100732D23 /* Hint.swift in Sources */ = {isa = PBXBuildFile; fileRef = 8692318E2D7EAF0100732D23 /* Hint.swift */; };
		869231922D7EAFDC00732D23 /* MessageContents.swift in Sources */ = {isa = PBXBuildFile; fileRef = 869231912D7EAFDC00732D23 /* MessageContents.swift */; };
		8692319E2D7EBD9200732D23 /* RecordManager.swift in Sources */ = {isa = PBXBuildFile; fileRef = 8692319D2D7EBD9200732D23 /* RecordManager.swift */; };
		869231A02D7EC2AF00732D23 /* NumberType.swift in Sources */ = {isa = PBXBuildFile; fileRef = 8692319F2D7EC2AF00732D23 /* NumberType.swift */; };
		86EE97B32D7FC9EF0025A430 /* ErrorType.swift in Sources */ = {isa = PBXBuildFile; fileRef = 86EE97B22D7FC9EF0025A430 /* ErrorType.swift */; };
/* End PBXBuildFile section */

/* Begin PBXCopyFilesBuildPhase section */
		869231782D7E8F2200732D23 /* CopyFiles */ = {
			isa = PBXCopyFilesBuildPhase;
			buildActionMask = 2147483647;
			dstPath = /usr/share/man/man1/;
			dstSubfolderSpec = 0;
			files = (
			);
			runOnlyForDeploymentPostprocessing = 1;
		};
/* End PBXCopyFilesBuildPhase section */

/* Begin PBXFileReference section */
		8692317A2D7E8F2200732D23 /* LSJBaseBallGame */ = {isa = PBXFileReference; explicitFileType = "compiled.mach-o.executable"; includeInIndex = 0; path = LSJBaseBallGame; sourceTree = BUILT_PRODUCTS_DIR; };
		869231882D7EAEF600732D23 /* BaseballGame.swift */ = {isa = PBXFileReference; lastKnownFileType = sourcecode.swift; path = BaseballGame.swift; sourceTree = "<group>"; };
		869231892D7EAEF600732D23 /* main.swift */ = {isa = PBXFileReference; lastKnownFileType = sourcecode.swift; path = main.swift; sourceTree = "<group>"; };
		8692318E2D7EAF0100732D23 /* Hint.swift */ = {isa = PBXFileReference; lastKnownFileType = sourcecode.swift; path = Hint.swift; sourceTree = "<group>"; };
		869231912D7EAFDC00732D23 /* MessageContents.swift */ = {isa = PBXFileReference; lastKnownFileType = sourcecode.swift; path = MessageContents.swift; sourceTree = "<group>"; };
		8692319D2D7EBD9200732D23 /* RecordManager.swift */ = {isa = PBXFileReference; lastKnownFileType = sourcecode.swift; path = RecordManager.swift; sourceTree = "<group>"; };
		8692319F2D7EC2AF00732D23 /* NumberType.swift */ = {isa = PBXFileReference; lastKnownFileType = sourcecode.swift; path = NumberType.swift; sourceTree = "<group>"; };
		86EE97B22D7FC9EF0025A430 /* ErrorType.swift */ = {isa = PBXFileReference; lastKnownFileType = sourcecode.swift; path = ErrorType.swift; sourceTree = "<group>"; };
/* End PBXFileReference section */

/* Begin PBXFrameworksBuildPhase section */
		869231772D7E8F2200732D23 /* Frameworks */ = {
			isa = PBXFrameworksBuildPhase;
			buildActionMask = 2147483647;
			files = (
			);
			runOnlyForDeploymentPostprocessing = 0;
		};
/* End PBXFrameworksBuildPhase section */

/* Begin PBXGroup section */
		869231712D7E8F2200732D23 = {
			isa = PBXGroup;
			children = (
				8692318A2D7EAEF600732D23 /* LSJBaseBallGame */,
				8692317B2D7E8F2200732D23 /* Products */,
			);
			sourceTree = "<group>";
		};
		8692317B2D7E8F2200732D23 /* Products */ = {
			isa = PBXGroup;
			children = (
				8692317A2D7E8F2200732D23 /* LSJBaseBallGame */,
			);
			name = Products;
			sourceTree = "<group>";
		};
		8692318A2D7EAEF600732D23 /* LSJBaseBallGame */ = {
			isa = PBXGroup;
			children = (
				869231902D7EAFCA00732D23 /* Contents */,
				8692318D2D7EAEF900732D23 /* Data */,
				869231882D7EAEF600732D23 /* BaseballGame.swift */,
				8692319D2D7EBD9200732D23 /* RecordManager.swift */,
				869231892D7EAEF600732D23 /* main.swift */,
			);
			path = LSJBaseBallGame;
			sourceTree = "<group>";
		};
		8692318D2D7EAEF900732D23 /* Data */ = {
			isa = PBXGroup;
			children = (
				8692318E2D7EAF0100732D23 /* Hint.swift */,
				8692319F2D7EC2AF00732D23 /* NumberType.swift */,
				86EE97B22D7FC9EF0025A430 /* ErrorType.swift */,
			);
			path = Data;
			sourceTree = "<group>";
		};
		869231902D7EAFCA00732D23 /* Contents */ = {
			isa = PBXGroup;
			children = (
				869231912D7EAFDC00732D23 /* MessageContents.swift */,
			);
			path = Contents;
			sourceTree = "<group>";
		};
/* End PBXGroup section */

/* Begin PBXNativeTarget section */
		869231792D7E8F2200732D23 /* LSJBaseBallGame */ = {
			isa = PBXNativeTarget;
			buildConfigurationList = 869231812D7E8F2200732D23 /* Build configuration list for PBXNativeTarget "LSJBaseBallGame" */;
			buildPhases = (
				869231762D7E8F2200732D23 /* Sources */,
				869231772D7E8F2200732D23 /* Frameworks */,
				869231782D7E8F2200732D23 /* CopyFiles */,
			);
			buildRules = (
			);
			dependencies = (
			);
			name = LSJBaseBallGame;
			packageProductDependencies = (
			);
			productName = LSJBaseBallGame;
			productReference = 8692317A2D7E8F2200732D23 /* LSJBaseBallGame */;
			productType = "com.apple.product-type.tool";
		};
/* End PBXNativeTarget section */

/* Begin PBXProject section */
		869231722D7E8F2200732D23 /* Project object */ = {
			isa = PBXProject;
			attributes = {
				BuildIndependentTargetsInParallel = 1;
				LastSwiftUpdateCheck = 1620;
				LastUpgradeCheck = 1620;
				TargetAttributes = {
					869231792D7E8F2200732D23 = {
						CreatedOnToolsVersion = 16.2;
					};
				};
			};
			buildConfigurationList = 869231752D7E8F2200732D23 /* Build configuration list for PBXProject "LSJBaseBallGame" */;
			developmentRegion = en;
			hasScannedForEncodings = 0;
			knownRegions = (
				en,
				Base,
			);
			mainGroup = 869231712D7E8F2200732D23;
			minimizedProjectReferenceProxies = 1;
			preferredProjectObjectVersion = 77;
			productRefGroup = 8692317B2D7E8F2200732D23 /* Products */;
			projectDirPath = "";
			projectRoot = "";
			targets = (
				869231792D7E8F2200732D23 /* LSJBaseBallGame */,
			);
		};
/* End PBXProject section */

/* Begin PBXSourcesBuildPhase section */
		869231762D7E8F2200732D23 /* Sources */ = {
			isa = PBXSourcesBuildPhase;
			buildActionMask = 2147483647;
			files = (
				8692318F2D7EAF0100732D23 /* Hint.swift in Sources */,
				86EE97B32D7FC9EF0025A430 /* ErrorType.swift in Sources */,
				8692318B2D7EAEF600732D23 /* BaseballGame.swift in Sources */,
				8692318C2D7EAEF600732D23 /* main.swift in Sources */,
				8692319E2D7EBD9200732D23 /* RecordManager.swift in Sources */,
				869231A02D7EC2AF00732D23 /* NumberType.swift in Sources */,
				869231922D7EAFDC00732D23 /* MessageContents.swift in Sources */,
			);
			runOnlyForDeploymentPostprocessing = 0;
		};
/* End PBXSourcesBuildPhase section */

/* Begin XCBuildConfiguration section */
		8692317F2D7E8F2200732D23 /* Debug */ = {
			isa = XCBuildConfiguration;
			buildSettings = {
				ALWAYS_SEARCH_USER_PATHS = NO;
				ASSETCATALOG_COMPILER_GENERATE_SWIFT_ASSET_SYMBOL_EXTENSIONS = YES;
				CLANG_ANALYZER_NONNULL = YES;
				CLANG_ANALYZER_NUMBER_OBJECT_CONVERSION = YES_AGGRESSIVE;
				CLANG_CXX_LANGUAGE_STANDARD = "gnu++20";
				CLANG_ENABLE_MODULES = YES;
				CLANG_ENABLE_OBJC_ARC = YES;
				CLANG_ENABLE_OBJC_WEAK = YES;
				CLANG_WARN_BLOCK_CAPTURE_AUTORELEASING = YES;
				CLANG_WARN_BOOL_CONVERSION = YES;
				CLANG_WARN_COMMA = YES;
				CLANG_WARN_CONSTANT_CONVERSION = YES;
				CLANG_WARN_DEPRECATED_OBJC_IMPLEMENTATIONS = YES;
				CLANG_WARN_DIRECT_OBJC_ISA_USAGE = YES_ERROR;
				CLANG_WARN_DOCUMENTATION_COMMENTS = YES;
				CLANG_WARN_EMPTY_BODY = YES;
				CLANG_WARN_ENUM_CONVERSION = YES;
				CLANG_WARN_INFINITE_RECURSION = YES;
				CLANG_WARN_INT_CONVERSION = YES;
				CLANG_WARN_NON_LITERAL_NULL_CONVERSION = YES;
				CLANG_WARN_OBJC_IMPLICIT_RETAIN_SELF = YES;
				CLANG_WARN_OBJC_LITERAL_CONVERSION = YES;
				CLANG_WARN_OBJC_ROOT_CLASS = YES_ERROR;
				CLANG_WARN_QUOTED_INCLUDE_IN_FRAMEWORK_HEADER = YES;
				CLANG_WARN_RANGE_LOOP_ANALYSIS = YES;
				CLANG_WARN_STRICT_PROTOTYPES = YES;
				CLANG_WARN_SUSPICIOUS_MOVE = YES;
				CLANG_WARN_UNGUARDED_AVAILABILITY = YES_AGGRESSIVE;
				CLANG_WARN_UNREACHABLE_CODE = YES;
				CLANG_WARN__DUPLICATE_METHOD_MATCH = YES;
				COPY_PHASE_STRIP = NO;
				DEBUG_INFORMATION_FORMAT = dwarf;
				ENABLE_STRICT_OBJC_MSGSEND = YES;
				ENABLE_TESTABILITY = YES;
				ENABLE_USER_SCRIPT_SANDBOXING = YES;
				GCC_C_LANGUAGE_STANDARD = gnu17;
				GCC_DYNAMIC_NO_PIC = NO;
				GCC_NO_COMMON_BLOCKS = YES;
				GCC_OPTIMIZATION_LEVEL = 0;
				GCC_PREPROCESSOR_DEFINITIONS = (
					"DEBUG=1",
					"$(inherited)",
				);
				GCC_WARN_64_TO_32_BIT_CONVERSION = YES;
				GCC_WARN_ABOUT_RETURN_TYPE = YES_ERROR;
				GCC_WARN_UNDECLARED_SELECTOR = YES;
				GCC_WARN_UNINITIALIZED_AUTOS = YES_AGGRESSIVE;
				GCC_WARN_UNUSED_FUNCTION = YES;
				GCC_WARN_UNUSED_VARIABLE = YES;
				LOCALIZATION_PREFERS_STRING_CATALOGS = YES;
				MACOSX_DEPLOYMENT_TARGET = 15.2;
				MTL_ENABLE_DEBUG_INFO = INCLUDE_SOURCE;
				MTL_FAST_MATH = YES;
				ONLY_ACTIVE_ARCH = YES;
				SDKROOT = macosx;
				SWIFT_ACTIVE_COMPILATION_CONDITIONS = "DEBUG $(inherited)";
				SWIFT_OPTIMIZATION_LEVEL = "-Onone";
				SWIFT_VERSION = 5.0;
			};
			name = Debug;
		};
		869231802D7E8F2200732D23 /* Release */ = {
			isa = XCBuildConfiguration;
			buildSettings = {
				ALWAYS_SEARCH_USER_PATHS = NO;
				ASSETCATALOG_COMPILER_GENERATE_SWIFT_ASSET_SYMBOL_EXTENSIONS = YES;
				CLANG_ANALYZER_NONNULL = YES;
				CLANG_ANALYZER_NUMBER_OBJECT_CONVERSION = YES_AGGRESSIVE;
				CLANG_CXX_LANGUAGE_STANDARD = "gnu++20";
				CLANG_ENABLE_MODULES = YES;
				CLANG_ENABLE_OBJC_ARC = YES;
				CLANG_ENABLE_OBJC_WEAK = YES;
				CLANG_WARN_BLOCK_CAPTURE_AUTORELEASING = YES;
				CLANG_WARN_BOOL_CONVERSION = YES;
				CLANG_WARN_COMMA = YES;
				CLANG_WARN_CONSTANT_CONVERSION = YES;
				CLANG_WARN_DEPRECATED_OBJC_IMPLEMENTATIONS = YES;
				CLANG_WARN_DIRECT_OBJC_ISA_USAGE = YES_ERROR;
				CLANG_WARN_DOCUMENTATION_COMMENTS = YES;
				CLANG_WARN_EMPTY_BODY = YES;
				CLANG_WARN_ENUM_CONVERSION = YES;
				CLANG_WARN_INFINITE_RECURSION = YES;
				CLANG_WARN_INT_CONVERSION = YES;
				CLANG_WARN_NON_LITERAL_NULL_CONVERSION = YES;
				CLANG_WARN_OBJC_IMPLICIT_RETAIN_SELF = YES;
				CLANG_WARN_OBJC_LITERAL_CONVERSION = YES;
				CLANG_WARN_OBJC_ROOT_CLASS = YES_ERROR;
				CLANG_WARN_QUOTED_INCLUDE_IN_FRAMEWORK_HEADER = YES;
				CLANG_WARN_RANGE_LOOP_ANALYSIS = YES;
				CLANG_WARN_STRICT_PROTOTYPES = YES;
				CLANG_WARN_SUSPICIOUS_MOVE = YES;
				CLANG_WARN_UNGUARDED_AVAILABILITY = YES_AGGRESSIVE;
				CLANG_WARN_UNREACHABLE_CODE = YES;
				CLANG_WARN__DUPLICATE_METHOD_MATCH = YES;
				COPY_PHASE_STRIP = NO;
				DEBUG_INFORMATION_FORMAT = "dwarf-with-dsym";
				ENABLE_NS_ASSERTIONS = NO;
				ENABLE_STRICT_OBJC_MSGSEND = YES;
				ENABLE_USER_SCRIPT_SANDBOXING = YES;
				GCC_C_LANGUAGE_STANDARD = gnu17;
				GCC_NO_COMMON_BLOCKS = YES;
				GCC_WARN_64_TO_32_BIT_CONVERSION = YES;
				GCC_WARN_ABOUT_RETURN_TYPE = YES_ERROR;
				GCC_WARN_UNDECLARED_SELECTOR = YES;
				GCC_WARN_UNINITIALIZED_AUTOS = YES_AGGRESSIVE;
				GCC_WARN_UNUSED_FUNCTION = YES;
				GCC_WARN_UNUSED_VARIABLE = YES;
				LOCALIZATION_PREFERS_STRING_CATALOGS = YES;
				MACOSX_DEPLOYMENT_TARGET = 15.2;
				MTL_ENABLE_DEBUG_INFO = NO;
				MTL_FAST_MATH = YES;
				SDKROOT = macosx;
				SWIFT_COMPILATION_MODE = wholemodule;
				SWIFT_VERSION = 5.0;
			};
			name = Release;
		};
		869231822D7E8F2200732D23 /* Debug */ = {
			isa = XCBuildConfiguration;
			buildSettings = {
				CODE_SIGN_STYLE = Automatic;
				DEVELOPMENT_TEAM = Y333NVBXPT;
				ENABLE_HARDENED_RUNTIME = YES;
				PRODUCT_NAME = "$(TARGET_NAME)";
				SWIFT_VERSION = 5.0;
			};
			name = Debug;
		};
		869231832D7E8F2200732D23 /* Release */ = {
			isa = XCBuildConfiguration;
			buildSettings = {
				CODE_SIGN_STYLE = Automatic;
				DEVELOPMENT_TEAM = Y333NVBXPT;
				ENABLE_HARDENED_RUNTIME = YES;
				PRODUCT_NAME = "$(TARGET_NAME)";
				SWIFT_VERSION = 5.0;
			};
			name = Release;
		};
/* End XCBuildConfiguration section */

/* Begin XCConfigurationList section */
		869231752D7E8F2200732D23 /* Build configuration list for PBXProject "LSJBaseBallGame" */ = {
			isa = XCConfigurationList;
			buildConfigurations = (
				8692317F2D7E8F2200732D23 /* Debug */,
				869231802D7E8F2200732D23 /* Release */,
			);
			defaultConfigurationIsVisible = 0;
			defaultConfigurationName = Release;
		};
		869231812D7E8F2200732D23 /* Build configuration list for PBXNativeTarget "LSJBaseBallGame" */ = {
			isa = XCConfigurationList;
			buildConfigurations = (
				869231822D7E8F2200732D23 /* Debug */,
				869231832D7E8F2200732D23 /* Release */,
			);
			defaultConfigurationIsVisible = 0;
			defaultConfigurationName = Release;
		};
/* End XCConfigurationList section */
	};
	rootObject = 869231722D7E8F2200732D23 /* Project object */;
}
